
Microsoft Visual Studio Solution File, Format Version 12.00
# Visual Studio Version 16
VisualStudioVersion = 16.0.31702.278
MinimumVisualStudioVersion = 10.0.40219.1
Project("{FAE04EC0-301F-11D3-BF4B-00C04F79EFBC}") = "WeatherForecast", "WeatherForecast\WeatherForecast.csproj", "{140DA9BD-644F-4670-8A6D-B62E08BB2499}"
EndProject
Project("{FAE04EC0-301F-11D3-BF4B-00C04F79EFBC}") = "Bl", "Bl\Bl.csproj", "{BF56CCEF-60D5-44F2-A6CE-E46211C758C3}"
EndProject
Project("{FAE04EC0-301F-11D3-BF4B-00C04F79EFBC}") = "Common", "Common\Common.csproj", "{9540DD29-E64C-43A8-B7E8-4D0210F5C601}"
EndProject
Project("{FAE04EC0-301F-11D3-BF4B-00C04F79EFBC}") = "Dal", "Dal\Dal.csproj", "{51959A46-6A64-4EF3-AA3A-41F6F8891669}"
	ProjectSection(ProjectDependencies) = postProject
		{9540DD29-E64C-43A8-B7E8-4D0210F5C601} = {9540DD29-E64C-43A8-B7E8-4D0210F5C601}
	EndProjectSection
EndProject
Global
	GlobalSection(SolutionConfigurationPlatforms) = preSolution
		Debug|Any CPU = Debug|Any CPU
		Release|Any CPU = Release|Any CPU
	EndGlobalSection
	GlobalSection(ProjectConfigurationPlatforms) = postSolution
		{140DA9BD-644F-4670-8A6D-B62E08BB2499}.Debug|Any CPU.ActiveCfg = Debug|Any CPU
		{140DA9BD-644F-4670-8A6D-B62E08BB2499}.Debug|Any CPU.Build.0 = Debug|Any CPU
		{140DA9BD-644F-4670-8A6D-B62E08BB2499}.Release|Any CPU.ActiveCfg = Release|Any CPU
		{140DA9BD-644F-4670-8A6D-B62E08BB2499}.Release|Any CPU.Build.0 = Release|Any CPU
		{BF56CCEF-60D5-44F2-A6CE-E46211C758C3}.Debug|Any CPU.ActiveCfg = Debug|Any CPU
		{BF56CCEF-60D5-44F2-A6CE-E46211C758C3}.Debug|Any CPU.Build.0 = Debug|Any CPU
		{BF56CCEF-60D5-44F2-A6CE-E46211C758C3}.Release|Any CPU.ActiveCfg = Release|Any CPU
		{BF56CCEF-60D5-44F2-A6CE-E46211C758C3}.Release|Any CPU.Build.0 = Release|Any CPU
		{9540DD29-E64C-43A8-B7E8-4D0210F5C601}.Debug|Any CPU.ActiveCfg = Debug|Any CPU
		{9540DD29-E64C-43A8-B7E8-4D0210F5C601}.Debug|Any CPU.Build.0 = Debug|Any CPU
		{9540DD29-E64C-43A8-B7E8-4D0210F5C601}.Release|Any CPU.ActiveCfg = Release|Any CPU
		{9540DD29-E64C-43A8-B7E8-4D0210F5C601}.Release|Any CPU.Build.0 = Release|Any CPU
		{51959A46-6A64-4EF3-AA3A-41F6F8891669}.Debug|Any CPU.ActiveCfg = Debug|Any CPU
		{51959A46-6A64-4EF3-AA3A-41F6F8891669}.Debug|Any CPU.Build.0 = Debug|Any CPU
		{51959A46-6A64-4EF3-AA3A-41F6F8891669}.Release|Any CPU.ActiveCfg = Release|Any CPU
		{51959A46-6A64-4EF3-AA3A-41F6F8891669}.Release|Any CPU.Build.0 = Release|Any CPU
	EndGlobalSection
	GlobalSection(SolutionProperties) = preSolution
		HideSolutionNode = FALSE
	EndGlobalSection
	GlobalSection(ExtensibilityGlobals) = postSolution
		SolutionGuid = {70A763C2-D003-4965-AF9A-3588D98C871B}
	EndGlobalSection
EndGlobal
